
Microsoft Visual Studio Solution File, Format Version 12.00
# Visual Studio Version 17
VisualStudioVersion = 17.3.32929.385
MinimumVisualStudioVersion = 10.0.40219.1
Project("{FAE04EC0-301F-11D3-BF4B-00C04F79EFBC}") = "demoapp", "demoapp.csproj", "{DAF019C6-653B-4BC2-8197-3C30361C28AF}"
EndProject
Global
	GlobalSection(SolutionConfigurationPlatforms) = preSolution
		Debug|Any CPU = Debug|Any CPU
		Release|Any CPU = Release|Any CPU
	EndGlobalSection
	GlobalSection(ProjectConfigurationPlatforms) = postSolution
		{DAF019C6-653B-4BC2-8197-3C30361C28AF}.Debug|Any CPU.ActiveCfg = Debug|Any CPU
		{DAF019C6-653B-4BC2-8197-3C30361C28AF}.Debug|Any CPU.Build.0 = Debug|Any CPU
		{DAF019C6-653B-4BC2-8197-3C30361C28AF}.Release|Any CPU.ActiveCfg = Release|Any CPU
		{DAF019C6-653B-4BC2-8197-3C30361C28AF}.Release|Any CPU.Build.0 = Release|Any CPU
	EndGlobalSection
	GlobalSection(SolutionProperties) = preSolution
		HideSolutionNode = FALSE
	EndGlobalSection
	GlobalSection(ExtensibilityGlobals) = postSolution
		SolutionGuid = {AA17B4A5-B26F-47B1-8E0C-A4871B55F3A2}
	EndGlobalSection
EndGlobal
